// !$*UTF8*$!
{
	archiveVersion = 1;
	classes = {
	};
	objectVersion = 55;
	objects = {

/* Begin PBXBuildFile section */
		34E7623D28C22C8B00BA3380 /* AppDelegate.swift in Sources */ = {isa = PBXBuildFile; fileRef = 34E7623C28C22C8B00BA3380 /* AppDelegate.swift */; };
		34E7623F28C22C8B00BA3380 /* SceneDelegate.swift in Sources */ = {isa = PBXBuildFile; fileRef = 34E7623E28C22C8B00BA3380 /* SceneDelegate.swift */; };
		34E7624128C22C8B00BA3380 /* ViewController.swift in Sources */ = {isa = PBXBuildFile; fileRef = 34E7624028C22C8B00BA3380 /* ViewController.swift */; };
		34E7624428C22C8B00BA3380 /* Main.storyboard in Resources */ = {isa = PBXBuildFile; fileRef = 34E7624228C22C8B00BA3380 /* Main.storyboard */; };
		34E7624628C22C8E00BA3380 /* Assets.xcassets in Resources */ = {isa = PBXBuildFile; fileRef = 34E7624528C22C8E00BA3380 /* Assets.xcassets */; };
		34E7624928C22C8E00BA3380 /* LaunchScreen.storyboard in Resources */ = {isa = PBXBuildFile; fileRef = 34E7624728C22C8E00BA3380 /* LaunchScreen.storyboard */; };
		34E7625428C22C8E00BA3380 /* FRVRChallengeTests.swift in Sources */ = {isa = PBXBuildFile; fileRef = 34E7625328C22C8E00BA3380 /* FRVRChallengeTests.swift */; };
		34E7625E28C22C8E00BA3380 /* FRVRChallengeUITests.swift in Sources */ = {isa = PBXBuildFile; fileRef = 34E7625D28C22C8E00BA3380 /* FRVRChallengeUITests.swift */; };
		34E7626028C22C8E00BA3380 /* FRVRChallengeUITestsLaunchTests.swift in Sources */ = {isa = PBXBuildFile; fileRef = 34E7625F28C22C8E00BA3380 /* FRVRChallengeUITestsLaunchTests.swift */; };
/* End PBXBuildFile section */

/* Begin PBXContainerItemProxy section */
		34E7625028C22C8E00BA3380 /* PBXContainerItemProxy */ = {
			isa = PBXContainerItemProxy;
			containerPortal = 34E7623128C22C8B00BA3380 /* Project object */;
			proxyType = 1;
			remoteGlobalIDString = 34E7623828C22C8B00BA3380;
			remoteInfo = FRVRChallenge;
		};
		34E7625A28C22C8E00BA3380 /* PBXContainerItemProxy */ = {
			isa = PBXContainerItemProxy;
			containerPortal = 34E7623128C22C8B00BA3380 /* Project object */;
			proxyType = 1;
			remoteGlobalIDString = 34E7623828C22C8B00BA3380;
			remoteInfo = FRVRChallenge;
		};
/* End PBXContainerItemProxy section */

/* Begin PBXFileReference section */
		34E7623928C22C8B00BA3380 /* FRVRChallenge.app */ = {isa = PBXFileReference; explicitFileType = wrapper.application; includeInIndex = 0; path = FRVRChallenge.app; sourceTree = BUILT_PRODUCTS_DIR; };
		34E7623C28C22C8B00BA3380 /* AppDelegate.swift */ = {isa = PBXFileReference; lastKnownFileType = sourcecode.swift; path = AppDelegate.swift; sourceTree = "<group>"; };
		34E7623E28C22C8B00BA3380 /* SceneDelegate.swift */ = {isa = PBXFileReference; lastKnownFileType = sourcecode.swift; path = SceneDelegate.swift; sourceTree = "<group>"; };
		34E7624028C22C8B00BA3380 /* ViewController.swift */ = {isa = PBXFileReference; lastKnownFileType = sourcecode.swift; path = ViewController.swift; sourceTree = "<group>"; };
		34E7624328C22C8B00BA3380 /* Base */ = {isa = PBXFileReference; lastKnownFileType = file.storyboard; name = Base; path = Base.lproj/Main.storyboard; sourceTree = "<group>"; };
		34E7624528C22C8E00BA3380 /* Assets.xcassets */ = {isa = PBXFileReference; lastKnownFileType = folder.assetcatalog; path = Assets.xcassets; sourceTree = "<group>"; };
		34E7624828C22C8E00BA3380 /* Base */ = {isa = PBXFileReference; lastKnownFileType = file.storyboard; name = Base; path = Base.lproj/LaunchScreen.storyboard; sourceTree = "<group>"; };
		34E7624A28C22C8E00BA3380 /* Info.plist */ = {isa = PBXFileReference; lastKnownFileType = text.plist.xml; path = Info.plist; sourceTree = "<group>"; };
		34E7624F28C22C8E00BA3380 /* FRVRChallengeTests.xctest */ = {isa = PBXFileReference; explicitFileType = wrapper.cfbundle; includeInIndex = 0; path = FRVRChallengeTests.xctest; sourceTree = BUILT_PRODUCTS_DIR; };
		34E7625328C22C8E00BA3380 /* FRVRChallengeTests.swift */ = {isa = PBXFileReference; lastKnownFileType = sourcecode.swift; path = FRVRChallengeTests.swift; sourceTree = "<group>"; };
		34E7625928C22C8E00BA3380 /* FRVRChallengeUITests.xctest */ = {isa = PBXFileReference; explicitFileType = wrapper.cfbundle; includeInIndex = 0; path = FRVRChallengeUITests.xctest; sourceTree = BUILT_PRODUCTS_DIR; };
		34E7625D28C22C8E00BA3380 /* FRVRChallengeUITests.swift */ = {isa = PBXFileReference; lastKnownFileType = sourcecode.swift; path = FRVRChallengeUITests.swift; sourceTree = "<group>"; };
		34E7625F28C22C8E00BA3380 /* FRVRChallengeUITestsLaunchTests.swift */ = {isa = PBXFileReference; lastKnownFileType = sourcecode.swift; path = FRVRChallengeUITestsLaunchTests.swift; sourceTree = "<group>"; };
/* End PBXFileReference section */

/* Begin PBXFrameworksBuildPhase section */
		34E7623628C22C8B00BA3380 /* Frameworks */ = {
			isa = PBXFrameworksBuildPhase;
			buildActionMask = 2147483647;
			files = (
			);
			runOnlyForDeploymentPostprocessing = 0;
		};
		34E7624C28C22C8E00BA3380 /* Frameworks */ = {
			isa = PBXFrameworksBuildPhase;
			buildActionMask = 2147483647;
			files = (
			);
			runOnlyForDeploymentPostprocessing = 0;
		};
		34E7625628C22C8E00BA3380 /* Frameworks */ = {
			isa = PBXFrameworksBuildPhase;
			buildActionMask = 2147483647;
			files = (
			);
			runOnlyForDeploymentPostprocessing = 0;
		};
/* End PBXFrameworksBuildPhase section */

/* Begin PBXGroup section */
		34E7623028C22C8B00BA3380 = {
			isa = PBXGroup;
			children = (
				34E7623B28C22C8B00BA3380 /* FRVRChallenge */,
				34E7625228C22C8E00BA3380 /* FRVRChallengeTests */,
				34E7625C28C22C8E00BA3380 /* FRVRChallengeUITests */,
				34E7623A28C22C8B00BA3380 /* Products */,
			);
			sourceTree = "<group>";
		};
		34E7623A28C22C8B00BA3380 /* Products */ = {
			isa = PBXGroup;
			children = (
				34E7623928C22C8B00BA3380 /* FRVRChallenge.app */,
				34E7624F28C22C8E00BA3380 /* FRVRChallengeTests.xctest */,
				34E7625928C22C8E00BA3380 /* FRVRChallengeUITests.xctest */,
			);
			name = Products;
			sourceTree = "<group>";
		};
		34E7623B28C22C8B00BA3380 /* FRVRChallenge */ = {
			isa = PBXGroup;
			children = (
				34E7623C28C22C8B00BA3380 /* AppDelegate.swift */,
				34E7623E28C22C8B00BA3380 /* SceneDelegate.swift */,
				34E7624028C22C8B00BA3380 /* ViewController.swift */,
				34E7624228C22C8B00BA3380 /* Main.storyboard */,
				34E7624528C22C8E00BA3380 /* Assets.xcassets */,
				34E7624728C22C8E00BA3380 /* LaunchScreen.storyboard */,
				34E7624A28C22C8E00BA3380 /* Info.plist */,
			);
			path = FRVRChallenge;
			sourceTree = "<group>";
		};
		34E7625228C22C8E00BA3380 /* FRVRChallengeTests */ = {
			isa = PBXGroup;
			children = (
				34E7625328C22C8E00BA3380 /* FRVRChallengeTests.swift */,
			);
			path = FRVRChallengeTests;
			sourceTree = "<group>";
		};
		34E7625C28C22C8E00BA3380 /* FRVRChallengeUITests */ = {
			isa = PBXGroup;
			children = (
				34E7625D28C22C8E00BA3380 /* FRVRChallengeUITests.swift */,
				34E7625F28C22C8E00BA3380 /* FRVRChallengeUITestsLaunchTests.swift */,
			);
			path = FRVRChallengeUITests;
			sourceTree = "<group>";
		};
/* End PBXGroup section */

/* Begin PBXNativeTarget section */
		34E7623828C22C8B00BA3380 /* FRVRChallenge */ = {
			isa = PBXNativeTarget;
			buildConfigurationList = 34E7626328C22C8E00BA3380 /* Build configuration list for PBXNativeTarget "FRVRChallenge" */;
			buildPhases = (
				34E7623528C22C8B00BA3380 /* Sources */,
				34E7623628C22C8B00BA3380 /* Frameworks */,
				34E7623728C22C8B00BA3380 /* Resources */,
			);
			buildRules = (
			);
			dependencies = (
			);
			name = FRVRChallenge;
			productName = FRVRChallenge;
			productReference = 34E7623928C22C8B00BA3380 /* FRVRChallenge.app */;
			productType = "com.apple.product-type.application";
		};
		34E7624E28C22C8E00BA3380 /* FRVRChallengeTests */ = {
			isa = PBXNativeTarget;
			buildConfigurationList = 34E7626628C22C8E00BA3380 /* Build configuration list for PBXNativeTarget "FRVRChallengeTests" */;
			buildPhases = (
				34E7624B28C22C8E00BA3380 /* Sources */,
				34E7624C28C22C8E00BA3380 /* Frameworks */,
				34E7624D28C22C8E00BA3380 /* Resources */,
			);
			buildRules = (
			);
			dependencies = (
				34E7625128C22C8E00BA3380 /* PBXTargetDependency */,
			);
			name = FRVRChallengeTests;
			productName = FRVRChallengeTests;
			productReference = 34E7624F28C22C8E00BA3380 /* FRVRChallengeTests.xctest */;
			productType = "com.apple.product-type.bundle.unit-test";
		};
		34E7625828C22C8E00BA3380 /* FRVRChallengeUITests */ = {
			isa = PBXNativeTarget;
			buildConfigurationList = 34E7626928C22C8E00BA3380 /* Build configuration list for PBXNativeTarget "FRVRChallengeUITests" */;
			buildPhases = (
				34E7625528C22C8E00BA3380 /* Sources */,
				34E7625628C22C8E00BA3380 /* Frameworks */,
				34E7625728C22C8E00BA3380 /* Resources */,
			);
			buildRules = (
			);
			dependencies = (
				34E7625B28C22C8E00BA3380 /* PBXTargetDependency */,
			);
			name = FRVRChallengeUITests;
			productName = FRVRChallengeUITests;
			productReference = 34E7625928C22C8E00BA3380 /* FRVRChallengeUITests.xctest */;
			productType = "com.apple.product-type.bundle.ui-testing";
		};
/* End PBXNativeTarget section */

/* Begin PBXProject section */
		34E7623128C22C8B00BA3380 /* Project object */ = {
			isa = PBXProject;
			attributes = {
				BuildIndependentTargetsInParallel = 1;
				LastSwiftUpdateCheck = 1340;
				LastUpgradeCheck = 1340;
				TargetAttributes = {
					34E7623828C22C8B00BA3380 = {
						CreatedOnToolsVersion = 13.4;
					};
					34E7624E28C22C8E00BA3380 = {
						CreatedOnToolsVersion = 13.4;
						TestTargetID = 34E7623828C22C8B00BA3380;
					};
					34E7625828C22C8E00BA3380 = {
						CreatedOnToolsVersion = 13.4;
						TestTargetID = 34E7623828C22C8B00BA3380;
					};
				};
			};
			buildConfigurationList = 34E7623428C22C8B00BA3380 /* Build configuration list for PBXProject "FRVRChallenge" */;
			compatibilityVersion = "Xcode 13.0";
			developmentRegion = en;
			hasScannedForEncodings = 0;
			knownRegions = (
				en,
				Base,
			);
			mainGroup = 34E7623028C22C8B00BA3380;
			productRefGroup = 34E7623A28C22C8B00BA3380 /* Products */;
			projectDirPath = "";
			projectRoot = "";
			targets = (
				34E7623828C22C8B00BA3380 /* FRVRChallenge */,
				34E7624E28C22C8E00BA3380 /* FRVRChallengeTests */,
				34E7625828C22C8E00BA3380 /* FRVRChallengeUITests */,
			);
		};
/* End PBXProject section */

/* Begin PBXResourcesBuildPhase section */
		34E7623728C22C8B00BA3380 /* Resources */ = {
			isa = PBXResourcesBuildPhase;
			buildActionMask = 2147483647;
			files = (
				34E7624928C22C8E00BA3380 /* LaunchScreen.storyboard in Resources */,
				34E7624628C22C8E00BA3380 /* Assets.xcassets in Resources */,
				34E7624428C22C8B00BA3380 /* Main.storyboard in Resources */,
			);
			runOnlyForDeploymentPostprocessing = 0;
		};
		34E7624D28C22C8E00BA3380 /* Resources */ = {
			isa = PBXResourcesBuildPhase;
			buildActionMask = 2147483647;
			files = (
			);
			runOnlyForDeploymentPostprocessing = 0;
		};
		34E7625728C22C8E00BA3380 /* Resources */ = {
			isa = PBXResourcesBuildPhase;
			buildActionMask = 2147483647;
			files = (
			);
			runOnlyForDeploymentPostprocessing = 0;
		};
/* End PBXResourcesBuildPhase section */

/* Begin PBXSourcesBuildPhase section */
		34E7623528C22C8B00BA3380 /* Sources */ = {
			isa = PBXSourcesBuildPhase;
			buildActionMask = 2147483647;
			files = (
				34E7624128C22C8B00BA3380 /* ViewController.swift in Sources */,
				34E7623D28C22C8B00BA3380 /* AppDelegate.swift in Sources */,
				34E7623F28C22C8B00BA3380 /* SceneDelegate.swift in Sources */,
			);
			runOnlyForDeploymentPostprocessing = 0;
		};
		34E7624B28C22C8E00BA3380 /* Sources */ = {
			isa = PBXSourcesBuildPhase;
			buildActionMask = 2147483647;
			files = (
				34E7625428C22C8E00BA3380 /* FRVRChallengeTests.swift in Sources */,
			);
			runOnlyForDeploymentPostprocessing = 0;
		};
		34E7625528C22C8E00BA3380 /* Sources */ = {
			isa = PBXSourcesBuildPhase;
			buildActionMask = 2147483647;
			files = (
				34E7626028C22C8E00BA3380 /* FRVRChallengeUITestsLaunchTests.swift in Sources */,
				34E7625E28C22C8E00BA3380 /* FRVRChallengeUITests.swift in Sources */,
			);
			runOnlyForDeploymentPostprocessing = 0;
		};
/* End PBXSourcesBuildPhase section */

/* Begin PBXTargetDependency section */
		34E7625128C22C8E00BA3380 /* PBXTargetDependency */ = {
			isa = PBXTargetDependency;
			target = 34E7623828C22C8B00BA3380 /* FRVRChallenge */;
			targetProxy = 34E7625028C22C8E00BA3380 /* PBXContainerItemProxy */;
		};
		34E7625B28C22C8E00BA3380 /* PBXTargetDependency */ = {
			isa = PBXTargetDependency;
			target = 34E7623828C22C8B00BA3380 /* FRVRChallenge */;
			targetProxy = 34E7625A28C22C8E00BA3380 /* PBXContainerItemProxy */;
		};
/* End PBXTargetDependency section */

/* Begin PBXVariantGroup section */
		34E7624228C22C8B00BA3380 /* Main.storyboard */ = {
			isa = PBXVariantGroup;
			children = (
				34E7624328C22C8B00BA3380 /* Base */,
			);
			name = Main.storyboard;
			sourceTree = "<group>";
		};
		34E7624728C22C8E00BA3380 /* LaunchScreen.storyboard */ = {
			isa = PBXVariantGroup;
			children = (
				34E7624828C22C8E00BA3380 /* Base */,
			);
			name = LaunchScreen.storyboard;
			sourceTree = "<group>";
		};
/* End PBXVariantGroup section */

/* Begin XCBuildConfiguration section */
		34E7626128C22C8E00BA3380 /* Debug */ = {
			isa = XCBuildConfiguration;
			buildSettings = {
				ALWAYS_SEARCH_USER_PATHS = NO;
				CLANG_ANALYZER_NONNULL = YES;
				CLANG_ANALYZER_NUMBER_OBJECT_CONVERSION = YES_AGGRESSIVE;
				CLANG_CXX_LANGUAGE_STANDARD = "gnu++17";
				CLANG_ENABLE_MODULES = YES;
				CLANG_ENABLE_OBJC_ARC = YES;
				CLANG_ENABLE_OBJC_WEAK = YES;
				CLANG_WARN_BLOCK_CAPTURE_AUTORELEASING = YES;
				CLANG_WARN_BOOL_CONVERSION = YES;
				CLANG_WARN_COMMA = YES;
				CLANG_WARN_CONSTANT_CONVERSION = YES;
				CLANG_WARN_DEPRECATED_OBJC_IMPLEMENTATIONS = YES;
				CLANG_WARN_DIRECT_OBJC_ISA_USAGE = YES_ERROR;
				CLANG_WARN_DOCUMENTATION_COMMENTS = YES;
				CLANG_WARN_EMPTY_BODY = YES;
				CLANG_WARN_ENUM_CONVERSION = YES;
				CLANG_WARN_INFINITE_RECURSION = YES;
				CLANG_WARN_INT_CONVERSION = YES;
				CLANG_WARN_NON_LITERAL_NULL_CONVERSION = YES;
				CLANG_WARN_OBJC_IMPLICIT_RETAIN_SELF = YES;
				CLANG_WARN_OBJC_LITERAL_CONVERSION = YES;
				CLANG_WARN_OBJC_ROOT_CLASS = YES_ERROR;
				CLANG_WARN_QUOTED_INCLUDE_IN_FRAMEWORK_HEADER = YES;
				CLANG_WARN_RANGE_LOOP_ANALYSIS = YES;
				CLANG_WARN_STRICT_PROTOTYPES = YES;
				CLANG_WARN_SUSPICIOUS_MOVE = YES;
				CLANG_WARN_UNGUARDED_AVAILABILITY = YES_AGGRESSIVE;
				CLANG_WARN_UNREACHABLE_CODE = YES;
				CLANG_WARN__DUPLICATE_METHOD_MATCH = YES;
				COPY_PHASE_STRIP = NO;
				DEBUG_INFORMATION_FORMAT = dwarf;
				ENABLE_STRICT_OBJC_MSGSEND = YES;
				ENABLE_TESTABILITY = YES;
				GCC_C_LANGUAGE_STANDARD = gnu11;
				GCC_DYNAMIC_NO_PIC = NO;
				GCC_NO_COMMON_BLOCKS = YES;
				GCC_OPTIMIZATION_LEVEL = 0;
				GCC_PREPROCESSOR_DEFINITIONS = (
					"DEBUG=1",
					"$(inherited)",
				);
				GCC_WARN_64_TO_32_BIT_CONVERSION = YES;
				GCC_WARN_ABOUT_RETURN_TYPE = YES_ERROR;
				GCC_WARN_UNDECLARED_SELECTOR = YES;
				GCC_WARN_UNINITIALIZED_AUTOS = YES_AGGRESSIVE;
				GCC_WARN_UNUSED_FUNCTION = YES;
				GCC_WARN_UNUSED_VARIABLE = YES;
				IPHONEOS_DEPLOYMENT_TARGET = 15.5;
				MTL_ENABLE_DEBUG_INFO = INCLUDE_SOURCE;
				MTL_FAST_MATH = YES;
				ONLY_ACTIVE_ARCH = YES;
				SDKROOT = iphoneos;
				SWIFT_ACTIVE_COMPILATION_CONDITIONS = DEBUG;
				SWIFT_OPTIMIZATION_LEVEL = "-Onone";
			};
			name = Debug;
		};
		34E7626228C22C8E00BA3380 /* Release */ = {
			isa = XCBuildConfiguration;
			buildSettings = {
				ALWAYS_SEARCH_USER_PATHS = NO;
				CLANG_ANALYZER_NONNULL = YES;
				CLANG_ANALYZER_NUMBER_OBJECT_CONVERSION = YES_AGGRESSIVE;
				CLANG_CXX_LANGUAGE_STANDARD = "gnu++17";
				CLANG_ENABLE_MODULES = YES;
				CLANG_ENABLE_OBJC_ARC = YES;
				CLANG_ENABLE_OBJC_WEAK = YES;
				CLANG_WARN_BLOCK_CAPTURE_AUTORELEASING = YES;
				CLANG_WARN_BOOL_CONVERSION = YES;
				CLANG_WARN_COMMA = YES;
				CLANG_WARN_CONSTANT_CONVERSION = YES;
				CLANG_WARN_DEPRECATED_OBJC_IMPLEMENTATIONS = YES;
				CLANG_WARN_DIRECT_OBJC_ISA_USAGE = YES_ERROR;
				CLANG_WARN_DOCUMENTATION_COMMENTS = YES;
				CLANG_WARN_EMPTY_BODY = YES;
				CLANG_WARN_ENUM_CONVERSION = YES;
				CLANG_WARN_INFINITE_RECURSION = YES;
				CLANG_WARN_INT_CONVERSION = YES;
				CLANG_WARN_NON_LITERAL_NULL_CONVERSION = YES;
				CLANG_WARN_OBJC_IMPLICIT_RETAIN_SELF = YES;
				CLANG_WARN_OBJC_LITERAL_CONVERSION = YES;
				CLANG_WARN_OBJC_ROOT_CLASS = YES_ERROR;
				CLANG_WARN_QUOTED_INCLUDE_IN_FRAMEWORK_HEADER = YES;
				CLANG_WARN_RANGE_LOOP_ANALYSIS = YES;
				CLANG_WARN_STRICT_PROTOTYPES = YES;
				CLANG_WARN_SUSPICIOUS_MOVE = YES;
				CLANG_WARN_UNGUARDED_AVAILABILITY = YES_AGGRESSIVE;
				CLANG_WARN_UNREACHABLE_CODE = YES;
				CLANG_WARN__DUPLICATE_METHOD_MATCH = YES;
				COPY_PHASE_STRIP = NO;
				DEBUG_INFORMATION_FORMAT = "dwarf-with-dsym";
				ENABLE_NS_ASSERTIONS = NO;
				ENABLE_STRICT_OBJC_MSGSEND = YES;
				GCC_C_LANGUAGE_STANDARD = gnu11;
				GCC_NO_COMMON_BLOCKS = YES;
				GCC_WARN_64_TO_32_BIT_CONVERSION = YES;
				GCC_WARN_ABOUT_RETURN_TYPE = YES_ERROR;
				GCC_WARN_UNDECLARED_SELECTOR = YES;
				GCC_WARN_UNINITIALIZED_AUTOS = YES_AGGRESSIVE;
				GCC_WARN_UNUSED_FUNCTION = YES;
				GCC_WARN_UNUSED_VARIABLE = YES;
				IPHONEOS_DEPLOYMENT_TARGET = 15.5;
				MTL_ENABLE_DEBUG_INFO = NO;
				MTL_FAST_MATH = YES;
				SDKROOT = iphoneos;
				SWIFT_COMPILATION_MODE = wholemodule;
				SWIFT_OPTIMIZATION_LEVEL = "-O";
				VALIDATE_PRODUCT = YES;
			};
			name = Release;
		};
		34E7626428C22C8E00BA3380 /* Debug */ = {
			isa = XCBuildConfiguration;
			buildSettings = {
				ASSETCATALOG_COMPILER_APPICON_NAME = AppIcon;
				ASSETCATALOG_COMPILER_GLOBAL_ACCENT_COLOR_NAME = AccentColor;
				CODE_SIGN_STYLE = Automatic;
				CURRENT_PROJECT_VERSION = 1;
				GENERATE_INFOPLIST_FILE = YES;
				INFOPLIST_FILE = FRVRChallenge/Info.plist;
				INFOPLIST_KEY_UIApplicationSupportsIndirectInputEvents = YES;
				INFOPLIST_KEY_UILaunchStoryboardName = LaunchScreen;
				INFOPLIST_KEY_UIMainStoryboardFile = Main;
				INFOPLIST_KEY_UISupportedInterfaceOrientations_iPad = "UIInterfaceOrientationPortrait UIInterfaceOrientationPortraitUpsideDown UIInterfaceOrientationLandscapeLeft UIInterfaceOrientationLandscapeRight";
				INFOPLIST_KEY_UISupportedInterfaceOrientations_iPhone = "UIInterfaceOrientationPortrait UIInterfaceOrientationLandscapeLeft UIInterfaceOrientationLandscapeRight";
				LD_RUNPATH_SEARCH_PATHS = (
					"$(inherited)",
					"@executable_path/Frameworks",
				);
				MARKETING_VERSION = 1.0;
				PRODUCT_BUNDLE_IDENTIFIER = br.paker.FRVRChallenge;
				PRODUCT_NAME = "$(TARGET_NAME)";
				SWIFT_EMIT_LOC_STRINGS = YES;
				SWIFT_VERSION = 5.0;
				TARGETED_DEVICE_FAMILY = "1,2";
			};
			name = Debug;
		};
		34E7626528C22C8E00BA3380 /* Release */ = {
			isa = XCBuildConfiguration;
			buildSettings = {
				ASSETCATALOG_COMPILER_APPICON_NAME = AppIcon;
				ASSETCATALOG_COMPILER_GLOBAL_ACCENT_COLOR_NAME = AccentColor;
				CODE_SIGN_STYLE = Automatic;
				CURRENT_PROJECT_VERSION = 1;
				GENERATE_INFOPLIST_FILE = YES;
				INFOPLIST_FILE = FRVRChallenge/Info.plist;
				INFOPLIST_KEY_UIApplicationSupportsIndirectInputEvents = YES;
				INFOPLIST_KEY_UILaunchStoryboardName = LaunchScreen;
				INFOPLIST_KEY_UIMainStoryboardFile = Main;
				INFOPLIST_KEY_UISupportedInterfaceOrientations_iPad = "UIInterfaceOrientationPortrait UIInterfaceOrientationPortraitUpsideDown UIInterfaceOrientationLandscapeLeft UIInterfaceOrientationLandscapeRight";
				INFOPLIST_KEY_UISupportedInterfaceOrientations_iPhone = "UIInterfaceOrientationPortrait UIInterfaceOrientationLandscapeLeft UIInterfaceOrientationLandscapeRight";
				LD_RUNPATH_SEARCH_PATHS = (
					"$(inherited)",
					"@executable_path/Frameworks",
				);
				MARKETING_VERSION = 1.0;
				PRODUCT_BUNDLE_IDENTIFIER = br.paker.FRVRChallenge;
				PRODUCT_NAME = "$(TARGET_NAME)";
				SWIFT_EMIT_LOC_STRINGS = YES;
				SWIFT_VERSION = 5.0;
				TARGETED_DEVICE_FAMILY = "1,2";
			};
			name = Release;
		};
		34E7626728C22C8E00BA3380 /* Debug */ = {
			isa = XCBuildConfiguration;
			buildSettings = {
				ALWAYS_EMBED_SWIFT_STANDARD_LIBRARIES = YES;
				BUNDLE_LOADER = "$(TEST_HOST)";
				CODE_SIGN_STYLE = Automatic;
				CURRENT_PROJECT_VERSION = 1;
				GENERATE_INFOPLIST_FILE = YES;
				IPHONEOS_DEPLOYMENT_TARGET = 15.5;
				MARKETING_VERSION = 1.0;
				PRODUCT_BUNDLE_IDENTIFIER = br.paker.FRVRChallengeTests;
				PRODUCT_NAME = "$(TARGET_NAME)";
				SWIFT_EMIT_LOC_STRINGS = NO;
				SWIFT_VERSION = 5.0;
				TARGETED_DEVICE_FAMILY = "1,2";
				TEST_HOST = "$(BUILT_PRODUCTS_DIR)/FRVRChallenge.app/FRVRChallenge";
			};
			name = Debug;
		};
		34E7626828C22C8E00BA3380 /* Release */ = {
			isa = XCBuildConfiguration;
			buildSettings = {
				ALWAYS_EMBED_SWIFT_STANDARD_LIBRARIES = YES;
				BUNDLE_LOADER = "$(TEST_HOST)";
				CODE_SIGN_STYLE = Automatic;
				CURRENT_PROJECT_VERSION = 1;
				GENERATE_INFOPLIST_FILE = YES;
				IPHONEOS_DEPLOYMENT_TARGET = 15.5;
				MARKETING_VERSION = 1.0;
				PRODUCT_BUNDLE_IDENTIFIER = br.paker.FRVRChallengeTests;
				PRODUCT_NAME = "$(TARGET_NAME)";
				SWIFT_EMIT_LOC_STRINGS = NO;
				SWIFT_VERSION = 5.0;
				TARGETED_DEVICE_FAMILY = "1,2";
				TEST_HOST = "$(BUILT_PRODUCTS_DIR)/FRVRChallenge.app/FRVRChallenge";
			};
			name = Release;
		};
		34E7626A28C22C8E00BA3380 /* Debug */ = {
			isa = XCBuildConfiguration;
			buildSettings = {
				ALWAYS_EMBED_SWIFT_STANDARD_LIBRARIES = YES;
				CODE_SIGN_STYLE = Automatic;
				CURRENT_PROJECT_VERSION = 1;
				GENERATE_INFOPLIST_FILE = YES;
				MARKETING_VERSION = 1.0;
				PRODUCT_BUNDLE_IDENTIFIER = br.paker.FRVRChallengeUITests;
				PRODUCT_NAME = "$(TARGET_NAME)";
				SWIFT_EMIT_LOC_STRINGS = NO;
				SWIFT_VERSION = 5.0;
				TARGETED_DEVICE_FAMILY = "1,2";
				TEST_TARGET_NAME = FRVRChallenge;
			};
			name = Debug;
		};
		34E7626B28C22C8E00BA3380 /* Release */ = {
			isa = XCBuildConfiguration;
			buildSettings = {
				ALWAYS_EMBED_SWIFT_STANDARD_LIBRARIES = YES;
				CODE_SIGN_STYLE = Automatic;
				CURRENT_PROJECT_VERSION = 1;
				GENERATE_INFOPLIST_FILE = YES;
				MARKETING_VERSION = 1.0;
				PRODUCT_BUNDLE_IDENTIFIER = br.paker.FRVRChallengeUITests;
				PRODUCT_NAME = "$(TARGET_NAME)";
				SWIFT_EMIT_LOC_STRINGS = NO;
				SWIFT_VERSION = 5.0;
				TARGETED_DEVICE_FAMILY = "1,2";
				TEST_TARGET_NAME = FRVRChallenge;
			};
			name = Release;
		};
/* End XCBuildConfiguration section */

/* Begin XCConfigurationList section */
		34E7623428C22C8B00BA3380 /* Build configuration list for PBXProject "FRVRChallenge" */ = {
			isa = XCConfigurationList;
			buildConfigurations = (
				34E7626128C22C8E00BA3380 /* Debug */,
				34E7626228C22C8E00BA3380 /* Release */,
			);
			defaultConfigurationIsVisible = 0;
			defaultConfigurationName = Release;
		};
		34E7626328C22C8E00BA3380 /* Build configuration list for PBXNativeTarget "FRVRChallenge" */ = {
			isa = XCConfigurationList;
			buildConfigurations = (
				34E7626428C22C8E00BA3380 /* Debug */,
				34E7626528C22C8E00BA3380 /* Release */,
			);
			defaultConfigurationIsVisible = 0;
			defaultConfigurationName = Release;
		};
		34E7626628C22C8E00BA3380 /* Build configuration list for PBXNativeTarget "FRVRChallengeTests" */ = {
			isa = XCConfigurationList;
			buildConfigurations = (
				34E7626728C22C8E00BA3380 /* Debug */,
				34E7626828C22C8E00BA3380 /* Release */,
			);
			defaultConfigurationIsVisible = 0;
			defaultConfigurationName = Release;
		};
		34E7626928C22C8E00BA3380 /* Build configuration list for PBXNativeTarget "FRVRChallengeUITests" */ = {
			isa = XCConfigurationList;
			buildConfigurations = (
				34E7626A28C22C8E00BA3380 /* Debug */,
				34E7626B28C22C8E00BA3380 /* Release */,
			);
			defaultConfigurationIsVisible = 0;
			defaultConfigurationName = Release;
		};
/* End XCConfigurationList section */
	};
	rootObject = 34E7623128C22C8B00BA3380 /* Project object */;
}
