// !$*UTF8*$!
{
	archiveVersion = 1;
	classes = {
	};
	objectVersion = 55;
	objects = {

/* Begin PBXBuildFile section */
		34E7623D28C22C8B00BA3380 /* AppDelegate.swift in Sources */ = {isa = PBXBuildFile; fileRef = 34E7623C28C22C8B00BA3380 /* AppDelegate.swift */; };
		34E7624628C22C8E00BA3380 /* Assets.xcassets in Resources */ = {isa = PBXBuildFile; fileRef = 34E7624528C22C8E00BA3380 /* Assets.xcassets */; };
		34E7624928C22C8E00BA3380 /* LaunchScreen.storyboard in Resources */ = {isa = PBXBuildFile; fileRef = 34E7624728C22C8E00BA3380 /* LaunchScreen.storyboard */; };
		34E7627A28C253E300BA3380 /* WebPages in Resources */ = {isa = PBXBuildFile; fileRef = 34E7627928C253E300BA3380 /* WebPages */; };
		34E7627C28C2674800BA3380 /* TabBarController.swift in Sources */ = {isa = PBXBuildFile; fileRef = 34E7627B28C2674800BA3380 /* TabBarController.swift */; };
		34E7627E28C26A4900BA3380 /* NativeLogViewController.swift in Sources */ = {isa = PBXBuildFile; fileRef = 34E7627D28C26A4900BA3380 /* NativeLogViewController.swift */; };
		34E7628628C281A800BA3380 /* FRVRSDK in Frameworks */ = {isa = PBXBuildFile; productRef = 34E7628528C281A800BA3380 /* FRVRSDK */; };
		34E7628828C3846F00BA3380 /* LocalNotificationViewController.swift in Sources */ = {isa = PBXBuildFile; fileRef = 34E7628728C3846F00BA3380 /* LocalNotificationViewController.swift */; };
/* End PBXBuildFile section */

/* Begin PBXFileReference section */
		34E7623928C22C8B00BA3380 /* FRVRChallenge.app */ = {isa = PBXFileReference; explicitFileType = wrapper.application; includeInIndex = 0; path = FRVRChallenge.app; sourceTree = BUILT_PRODUCTS_DIR; };
		34E7623C28C22C8B00BA3380 /* AppDelegate.swift */ = {isa = PBXFileReference; lastKnownFileType = sourcecode.swift; path = AppDelegate.swift; sourceTree = "<group>"; };
		34E7624528C22C8E00BA3380 /* Assets.xcassets */ = {isa = PBXFileReference; lastKnownFileType = folder.assetcatalog; path = Assets.xcassets; sourceTree = "<group>"; };
		34E7624828C22C8E00BA3380 /* Base */ = {isa = PBXFileReference; lastKnownFileType = file.storyboard; name = Base; path = Base.lproj/LaunchScreen.storyboard; sourceTree = "<group>"; };
		34E7624A28C22C8E00BA3380 /* Info.plist */ = {isa = PBXFileReference; lastKnownFileType = text.plist.xml; path = Info.plist; sourceTree = "<group>"; };
		34E7627928C253E300BA3380 /* WebPages */ = {isa = PBXFileReference; lastKnownFileType = folder; path = WebPages; sourceTree = "<group>"; };
		34E7627B28C2674800BA3380 /* TabBarController.swift */ = {isa = PBXFileReference; lastKnownFileType = sourcecode.swift; path = TabBarController.swift; sourceTree = "<group>"; };
		34E7627D28C26A4900BA3380 /* NativeLogViewController.swift */ = {isa = PBXFileReference; lastKnownFileType = sourcecode.swift; path = NativeLogViewController.swift; sourceTree = "<group>"; };
		34E7628328C2806400BA3380 /* FRVRSDK */ = {isa = PBXFileReference; lastKnownFileType = wrapper; path = FRVRSDK; sourceTree = "<group>"; };
		34E7628728C3846F00BA3380 /* LocalNotificationViewController.swift */ = {isa = PBXFileReference; lastKnownFileType = sourcecode.swift; path = LocalNotificationViewController.swift; sourceTree = "<group>"; };
/* End PBXFileReference section */

/* Begin PBXFrameworksBuildPhase section */
		34E7623628C22C8B00BA3380 /* Frameworks */ = {
			isa = PBXFrameworksBuildPhase;
			buildActionMask = 2147483647;
			files = (
				34E7628628C281A800BA3380 /* FRVRSDK in Frameworks */,
			);
			runOnlyForDeploymentPostprocessing = 0;
		};
/* End PBXFrameworksBuildPhase section */

/* Begin PBXGroup section */
		34E7623028C22C8B00BA3380 = {
			isa = PBXGroup;
			children = (
				34E7628328C2806400BA3380 /* FRVRSDK */,
				34E7623B28C22C8B00BA3380 /* FRVRChallenge */,
				34E7623A28C22C8B00BA3380 /* Products */,
				34E7628428C281A800BA3380 /* Frameworks */,
			);
			sourceTree = "<group>";
		};
		34E7623A28C22C8B00BA3380 /* Products */ = {
			isa = PBXGroup;
			children = (
				34E7623928C22C8B00BA3380 /* FRVRChallenge.app */,
			);
			name = Products;
			sourceTree = "<group>";
		};
		34E7623B28C22C8B00BA3380 /* FRVRChallenge */ = {
			isa = PBXGroup;
			children = (
				34E7626E28C22E9D00BA3380 /* Application */,
				34E7626D28C22E7300BA3380 /* Resources */,
				34E7626C28C22E4A00BA3380 /* ViewControllers */,
				34E7627928C253E300BA3380 /* WebPages */,
			);
			path = FRVRChallenge;
			sourceTree = "<group>";
		};
		34E7626C28C22E4A00BA3380 /* ViewControllers */ = {
			isa = PBXGroup;
			children = (
				34E7628728C3846F00BA3380 /* LocalNotificationViewController.swift */,
				34E7627D28C26A4900BA3380 /* NativeLogViewController.swift */,
				34E7627B28C2674800BA3380 /* TabBarController.swift */,
			);
			path = ViewControllers;
			sourceTree = "<group>";
		};
		34E7626D28C22E7300BA3380 /* Resources */ = {
			isa = PBXGroup;
			children = (
				34E7624528C22C8E00BA3380 /* Assets.xcassets */,
			);
			path = Resources;
			sourceTree = "<group>";
		};
		34E7626E28C22E9D00BA3380 /* Application */ = {
			isa = PBXGroup;
			children = (
				34E7623C28C22C8B00BA3380 /* AppDelegate.swift */,
				34E7624728C22C8E00BA3380 /* LaunchScreen.storyboard */,
				34E7624A28C22C8E00BA3380 /* Info.plist */,
			);
			path = Application;
			sourceTree = "<group>";
		};
		34E7628428C281A800BA3380 /* Frameworks */ = {
			isa = PBXGroup;
			children = (
			);
			name = Frameworks;
			sourceTree = "<group>";
		};
/* End PBXGroup section */

/* Begin PBXNativeTarget section */
		34E7623828C22C8B00BA3380 /* FRVRChallenge */ = {
			isa = PBXNativeTarget;
			buildConfigurationList = 34E7626328C22C8E00BA3380 /* Build configuration list for PBXNativeTarget "FRVRChallenge" */;
			buildPhases = (
				34E7623528C22C8B00BA3380 /* Sources */,
				34E7623628C22C8B00BA3380 /* Frameworks */,
				34E7623728C22C8B00BA3380 /* Resources */,
			);
			buildRules = (
			);
			dependencies = (
			);
			name = FRVRChallenge;
			packageProductDependencies = (
				34E7628528C281A800BA3380 /* FRVRSDK */,
			);
			productName = FRVRChallenge;
			productReference = 34E7623928C22C8B00BA3380 /* FRVRChallenge.app */;
			productType = "com.apple.product-type.application";
		};
/* End PBXNativeTarget section */

/* Begin PBXProject section */
		34E7623128C22C8B00BA3380 /* Project object */ = {
			isa = PBXProject;
			attributes = {
				BuildIndependentTargetsInParallel = 1;
				LastSwiftUpdateCheck = 1340;
				LastUpgradeCheck = 1340;
				TargetAttributes = {
					34E7623828C22C8B00BA3380 = {
						CreatedOnToolsVersion = 13.4;
					};
				};
			};
			buildConfigurationList = 34E7623428C22C8B00BA3380 /* Build configuration list for PBXProject "FRVRChallenge" */;
			compatibilityVersion = "Xcode 13.0";
			developmentRegion = en;
			hasScannedForEncodings = 0;
			knownRegions = (
				en,
				Base,
			);
			mainGroup = 34E7623028C22C8B00BA3380;
			productRefGroup = 34E7623A28C22C8B00BA3380 /* Products */;
			projectDirPath = "";
			projectRoot = "";
			targets = (
				34E7623828C22C8B00BA3380 /* FRVRChallenge */,
			);
		};
/* End PBXProject section */

/* Begin PBXResourcesBuildPhase section */
		34E7623728C22C8B00BA3380 /* Resources */ = {
			isa = PBXResourcesBuildPhase;
			buildActionMask = 2147483647;
			files = (
				34E7627A28C253E300BA3380 /* WebPages in Resources */,
				34E7624928C22C8E00BA3380 /* LaunchScreen.storyboard in Resources */,
				34E7624628C22C8E00BA3380 /* Assets.xcassets in Resources */,
			);
			runOnlyForDeploymentPostprocessing = 0;
		};
/* End PBXResourcesBuildPhase section */

/* Begin PBXSourcesBuildPhase section */
		34E7623528C22C8B00BA3380 /* Sources */ = {
			isa = PBXSourcesBuildPhase;
			buildActionMask = 2147483647;
			files = (
				34E7627C28C2674800BA3380 /* TabBarController.swift in Sources */,
				34E7628828C3846F00BA3380 /* LocalNotificationViewController.swift in Sources */,
				34E7623D28C22C8B00BA3380 /* AppDelegate.swift in Sources */,
				34E7627E28C26A4900BA3380 /* NativeLogViewController.swift in Sources */,
			);
			runOnlyForDeploymentPostprocessing = 0;
		};
/* End PBXSourcesBuildPhase section */

/* Begin PBXVariantGroup section */
		34E7624728C22C8E00BA3380 /* LaunchScreen.storyboard */ = {
			isa = PBXVariantGroup;
			children = (
				34E7624828C22C8E00BA3380 /* Base */,
			);
			name = LaunchScreen.storyboard;
			sourceTree = "<group>";
		};
/* End PBXVariantGroup section */

/* Begin XCBuildConfiguration section */
		34E7626128C22C8E00BA3380 /* Debug */ = {
			isa = XCBuildConfiguration;
			buildSettings = {
				ALWAYS_SEARCH_USER_PATHS = NO;
				CLANG_ANALYZER_NONNULL = YES;
				CLANG_ANALYZER_NUMBER_OBJECT_CONVERSION = YES_AGGRESSIVE;
				CLANG_CXX_LANGUAGE_STANDARD = "gnu++17";
				CLANG_ENABLE_MODULES = YES;
				CLANG_ENABLE_OBJC_ARC = YES;
				CLANG_ENABLE_OBJC_WEAK = YES;
				CLANG_WARN_BLOCK_CAPTURE_AUTORELEASING = YES;
				CLANG_WARN_BOOL_CONVERSION = YES;
				CLANG_WARN_COMMA = YES;
				CLANG_WARN_CONSTANT_CONVERSION = YES;
				CLANG_WARN_DEPRECATED_OBJC_IMPLEMENTATIONS = YES;
				CLANG_WARN_DIRECT_OBJC_ISA_USAGE = YES_ERROR;
				CLANG_WARN_DOCUMENTATION_COMMENTS = YES;
				CLANG_WARN_EMPTY_BODY = YES;
				CLANG_WARN_ENUM_CONVERSION = YES;
				CLANG_WARN_INFINITE_RECURSION = YES;
				CLANG_WARN_INT_CONVERSION = YES;
				CLANG_WARN_NON_LITERAL_NULL_CONVERSION = YES;
				CLANG_WARN_OBJC_IMPLICIT_RETAIN_SELF = YES;
				CLANG_WARN_OBJC_LITERAL_CONVERSION = YES;
				CLANG_WARN_OBJC_ROOT_CLASS = YES_ERROR;
				CLANG_WARN_QUOTED_INCLUDE_IN_FRAMEWORK_HEADER = YES;
				CLANG_WARN_RANGE_LOOP_ANALYSIS = YES;
				CLANG_WARN_STRICT_PROTOTYPES = YES;
				CLANG_WARN_SUSPICIOUS_MOVE = YES;
				CLANG_WARN_UNGUARDED_AVAILABILITY = YES_AGGRESSIVE;
				CLANG_WARN_UNREACHABLE_CODE = YES;
				CLANG_WARN__DUPLICATE_METHOD_MATCH = YES;
				COPY_PHASE_STRIP = NO;
				DEBUG_INFORMATION_FORMAT = dwarf;
				ENABLE_STRICT_OBJC_MSGSEND = YES;
				ENABLE_TESTABILITY = YES;
				GCC_C_LANGUAGE_STANDARD = gnu11;
				GCC_DYNAMIC_NO_PIC = NO;
				GCC_NO_COMMON_BLOCKS = YES;
				GCC_OPTIMIZATION_LEVEL = 0;
				GCC_PREPROCESSOR_DEFINITIONS = (
					"DEBUG=1",
					"$(inherited)",
				);
				GCC_WARN_64_TO_32_BIT_CONVERSION = YES;
				GCC_WARN_ABOUT_RETURN_TYPE = YES_ERROR;
				GCC_WARN_UNDECLARED_SELECTOR = YES;
				GCC_WARN_UNINITIALIZED_AUTOS = YES_AGGRESSIVE;
				GCC_WARN_UNUSED_FUNCTION = YES;
				GCC_WARN_UNUSED_VARIABLE = YES;
				IPHONEOS_DEPLOYMENT_TARGET = 15.5;
				MTL_ENABLE_DEBUG_INFO = INCLUDE_SOURCE;
				MTL_FAST_MATH = YES;
				ONLY_ACTIVE_ARCH = YES;
				SDKROOT = iphoneos;
				SWIFT_ACTIVE_COMPILATION_CONDITIONS = DEBUG;
				SWIFT_OPTIMIZATION_LEVEL = "-Onone";
			};
			name = Debug;
		};
		34E7626228C22C8E00BA3380 /* Release */ = {
			isa = XCBuildConfiguration;
			buildSettings = {
				ALWAYS_SEARCH_USER_PATHS = NO;
				CLANG_ANALYZER_NONNULL = YES;
				CLANG_ANALYZER_NUMBER_OBJECT_CONVERSION = YES_AGGRESSIVE;
				CLANG_CXX_LANGUAGE_STANDARD = "gnu++17";
				CLANG_ENABLE_MODULES = YES;
				CLANG_ENABLE_OBJC_ARC = YES;
				CLANG_ENABLE_OBJC_WEAK = YES;
				CLANG_WARN_BLOCK_CAPTURE_AUTORELEASING = YES;
				CLANG_WARN_BOOL_CONVERSION = YES;
				CLANG_WARN_COMMA = YES;
				CLANG_WARN_CONSTANT_CONVERSION = YES;
				CLANG_WARN_DEPRECATED_OBJC_IMPLEMENTATIONS = YES;
				CLANG_WARN_DIRECT_OBJC_ISA_USAGE = YES_ERROR;
				CLANG_WARN_DOCUMENTATION_COMMENTS = YES;
				CLANG_WARN_EMPTY_BODY = YES;
				CLANG_WARN_ENUM_CONVERSION = YES;
				CLANG_WARN_INFINITE_RECURSION = YES;
				CLANG_WARN_INT_CONVERSION = YES;
				CLANG_WARN_NON_LITERAL_NULL_CONVERSION = YES;
				CLANG_WARN_OBJC_IMPLICIT_RETAIN_SELF = YES;
				CLANG_WARN_OBJC_LITERAL_CONVERSION = YES;
				CLANG_WARN_OBJC_ROOT_CLASS = YES_ERROR;
				CLANG_WARN_QUOTED_INCLUDE_IN_FRAMEWORK_HEADER = YES;
				CLANG_WARN_RANGE_LOOP_ANALYSIS = YES;
				CLANG_WARN_STRICT_PROTOTYPES = YES;
				CLANG_WARN_SUSPICIOUS_MOVE = YES;
				CLANG_WARN_UNGUARDED_AVAILABILITY = YES_AGGRESSIVE;
				CLANG_WARN_UNREACHABLE_CODE = YES;
				CLANG_WARN__DUPLICATE_METHOD_MATCH = YES;
				COPY_PHASE_STRIP = NO;
				DEBUG_INFORMATION_FORMAT = "dwarf-with-dsym";
				ENABLE_NS_ASSERTIONS = NO;
				ENABLE_STRICT_OBJC_MSGSEND = YES;
				GCC_C_LANGUAGE_STANDARD = gnu11;
				GCC_NO_COMMON_BLOCKS = YES;
				GCC_WARN_64_TO_32_BIT_CONVERSION = YES;
				GCC_WARN_ABOUT_RETURN_TYPE = YES_ERROR;
				GCC_WARN_UNDECLARED_SELECTOR = YES;
				GCC_WARN_UNINITIALIZED_AUTOS = YES_AGGRESSIVE;
				GCC_WARN_UNUSED_FUNCTION = YES;
				GCC_WARN_UNUSED_VARIABLE = YES;
				IPHONEOS_DEPLOYMENT_TARGET = 15.5;
				MTL_ENABLE_DEBUG_INFO = NO;
				MTL_FAST_MATH = YES;
				SDKROOT = iphoneos;
				SWIFT_COMPILATION_MODE = wholemodule;
				SWIFT_OPTIMIZATION_LEVEL = "-O";
				VALIDATE_PRODUCT = YES;
			};
			name = Release;
		};
		34E7626428C22C8E00BA3380 /* Debug */ = {
			isa = XCBuildConfiguration;
			buildSettings = {
				ASSETCATALOG_COMPILER_APPICON_NAME = AppIcon;
				ASSETCATALOG_COMPILER_GLOBAL_ACCENT_COLOR_NAME = AccentColor;
				CODE_SIGN_STYLE = Automatic;
				CURRENT_PROJECT_VERSION = 1;
				DEVELOPMENT_TEAM = 32973VC289;
				GENERATE_INFOPLIST_FILE = YES;
				INFOPLIST_FILE = FRVRChallenge/Application/Info.plist;
				INFOPLIST_KEY_UIApplicationSupportsIndirectInputEvents = YES;
				INFOPLIST_KEY_UILaunchStoryboardName = LaunchScreen;
				INFOPLIST_KEY_UISupportedInterfaceOrientations_iPad = "UIInterfaceOrientationPortrait UIInterfaceOrientationPortraitUpsideDown UIInterfaceOrientationLandscapeLeft UIInterfaceOrientationLandscapeRight";
				INFOPLIST_KEY_UISupportedInterfaceOrientations_iPhone = "UIInterfaceOrientationPortrait UIInterfaceOrientationLandscapeLeft UIInterfaceOrientationLandscapeRight";
				LD_RUNPATH_SEARCH_PATHS = (
					"$(inherited)",
					"@executable_path/Frameworks",
				);
				MARKETING_VERSION = 1.0;
				PRODUCT_BUNDLE_IDENTIFIER = br.paker.FRVRChallenge;
				PRODUCT_NAME = "$(TARGET_NAME)";
				SWIFT_EMIT_LOC_STRINGS = YES;
				SWIFT_VERSION = 5.0;
				TARGETED_DEVICE_FAMILY = "1,2";
			};
			name = Debug;
		};
		34E7626528C22C8E00BA3380 /* Release */ = {
			isa = XCBuildConfiguration;
			buildSettings = {
				ASSETCATALOG_COMPILER_APPICON_NAME = AppIcon;
				ASSETCATALOG_COMPILER_GLOBAL_ACCENT_COLOR_NAME = AccentColor;
				CODE_SIGN_STYLE = Automatic;
				CURRENT_PROJECT_VERSION = 1;
				DEVELOPMENT_TEAM = 32973VC289;
				GENERATE_INFOPLIST_FILE = YES;
				INFOPLIST_FILE = FRVRChallenge/Application/Info.plist;
				INFOPLIST_KEY_UIApplicationSupportsIndirectInputEvents = YES;
				INFOPLIST_KEY_UILaunchStoryboardName = LaunchScreen;
				INFOPLIST_KEY_UISupportedInterfaceOrientations_iPad = "UIInterfaceOrientationPortrait UIInterfaceOrientationPortraitUpsideDown UIInterfaceOrientationLandscapeLeft UIInterfaceOrientationLandscapeRight";
				INFOPLIST_KEY_UISupportedInterfaceOrientations_iPhone = "UIInterfaceOrientationPortrait UIInterfaceOrientationLandscapeLeft UIInterfaceOrientationLandscapeRight";
				LD_RUNPATH_SEARCH_PATHS = (
					"$(inherited)",
					"@executable_path/Frameworks",
				);
				MARKETING_VERSION = 1.0;
				PRODUCT_BUNDLE_IDENTIFIER = br.paker.FRVRChallenge;
				PRODUCT_NAME = "$(TARGET_NAME)";
				SWIFT_EMIT_LOC_STRINGS = YES;
				SWIFT_VERSION = 5.0;
				TARGETED_DEVICE_FAMILY = "1,2";
			};
			name = Release;
		};
/* End XCBuildConfiguration section */

/* Begin XCConfigurationList section */
		34E7623428C22C8B00BA3380 /* Build configuration list for PBXProject "FRVRChallenge" */ = {
			isa = XCConfigurationList;
			buildConfigurations = (
				34E7626128C22C8E00BA3380 /* Debug */,
				34E7626228C22C8E00BA3380 /* Release */,
			);
			defaultConfigurationIsVisible = 0;
			defaultConfigurationName = Release;
		};
		34E7626328C22C8E00BA3380 /* Build configuration list for PBXNativeTarget "FRVRChallenge" */ = {
			isa = XCConfigurationList;
			buildConfigurations = (
				34E7626428C22C8E00BA3380 /* Debug */,
				34E7626528C22C8E00BA3380 /* Release */,
			);
			defaultConfigurationIsVisible = 0;
			defaultConfigurationName = Release;
		};
/* End XCConfigurationList section */

/* Begin XCSwiftPackageProductDependency section */
		34E7628528C281A800BA3380 /* FRVRSDK */ = {
			isa = XCSwiftPackageProductDependency;
			productName = FRVRSDK;
		};
/* End XCSwiftPackageProductDependency section */
	};
	rootObject = 34E7623128C22C8B00BA3380 /* Project object */;
}
